
Microsoft Visual Studio Solution File, Format Version 12.00
# Visual Studio 2012
Project("{FAE04EC0-301F-11D3-BF4B-00C04F79EFBC}") = "01. IndexMultipliedByFive", "01. IndexMultipliedByFive\01. IndexMultipliedByFive.csproj", "{EB60CCA8-CB4F-44BE-AC18-40A5CE8BEA71}"
EndProject
Project("{FAE04EC0-301F-11D3-BF4B-00C04F79EFBC}") = "02. CompareArrays", "02. CompareArrays\02. CompareArrays.csproj", "{ECF184C3-51B5-4167-8737-46AA33BDCA1E}"
EndProject
Project("{FAE04EC0-301F-11D3-BF4B-00C04F79EFBC}") = "03. CompareCharArrays", "03. CompareCharArrays\03. CompareCharArrays.csproj", "{9E4FE7BC-1A3E-4263-B9A0-EA4FE41B3BE8}"
EndProject
Project("{FAE04EC0-301F-11D3-BF4B-00C04F79EFBC}") = "04. MaxSequenceOfEqualElements", "04. MaxSequenceOfEqualElements\04. MaxSequenceOfEqualElements.csproj", "{6C13C146-4D2F-44EF-B026-783831BD5CCD}"
EndProject
Project("{FAE04EC0-301F-11D3-BF4B-00C04F79EFBC}") = "05. MaxIncreasingSequence", "05. MaxIncreasingSequence\05. MaxIncreasingSequence.csproj", "{34F11851-5D78-4F21-88F7-714B6B6E0DBC}"
EndProject
Project("{FAE04EC0-301F-11D3-BF4B-00C04F79EFBC}") = "06. MaxSumKElements", "06. MaxSumKElements\06. MaxSumKElements.csproj", "{A47AA4EB-F4EC-4132-8FFE-66D12A4F1456}"
EndProject
Project("{FAE04EC0-301F-11D3-BF4B-00C04F79EFBC}") = "07. SelectionSort", "07. SelectionSort\07. SelectionSort.csproj", "{2ED793FF-DF39-4502-8B37-107C2C20E1D6}"
EndProject
Project("{FAE04EC0-301F-11D3-BF4B-00C04F79EFBC}") = "08. SequenceOfMaxSum", "08. SequenceOfMaxSum\08. SequenceOfMaxSum.csproj", "{37750DD3-CA52-4EB8-894C-EB65B6C5D76D}"
EndProject
Project("{FAE04EC0-301F-11D3-BF4B-00C04F79EFBC}") = "09. MostFrequentNumber", "09. MostFrequentArray\09. MostFrequentNumber.csproj", "{95D0A725-9E96-4E5D-A131-194D70768C62}"
EndProject
Project("{FAE04EC0-301F-11D3-BF4B-00C04F79EFBC}") = "10. FindSequenceOfGivenSum", "10. FindSequenceOfGivenSum\10. FindSequenceOfGivenSum.csproj", "{6017FA08-7678-4966-AB74-575B0DE556C1}"
EndProject
Project("{FAE04EC0-301F-11D3-BF4B-00C04F79EFBC}") = "11. BinarySearchAlgorithm", "11. BinarySearchAlgorithm\11. BinarySearchAlgorithm.csproj", "{F6AD3E02-DCFA-4F67-9C35-E16D4D6969A6}"
EndProject
Project("{FAE04EC0-301F-11D3-BF4B-00C04F79EFBC}") = "12. PrintLetterIndex", "12. PrintLetterIndex\12. PrintLetterIndex.csproj", "{45978946-DF4A-439C-878F-6FE0F579D1EF}"
EndProject
Project("{FAE04EC0-301F-11D3-BF4B-00C04F79EFBC}") = "15. PrimeNumbersSieveOfEratosthenes", "15. PrimeNumbersSieveOfEratosthenes\15. PrimeNumbersSieveOfEratosthenes.csproj", "{AEB62769-DAE6-4E00-B896-4C20E7935DAF}"
EndProject
Project("{FAE04EC0-301F-11D3-BF4B-00C04F79EFBC}") = "16. VariationsOfKElements", "16. VariationsOfKElements\16. VariationsOfKElements.csproj", "{A616A428-F5C1-4400-A674-551DA3148778}"
EndProject
Project("{FAE04EC0-301F-11D3-BF4B-00C04F79EFBC}") = "21. CombinationOfKDistinctElements", "21. CombinationOfKDistinctElements\21. CombinationOfKDistinctElements.csproj", "{0C1AD528-213F-4A44-A6FE-60E9243E3467}"
EndProject
Global
	GlobalSection(SolutionConfigurationPlatforms) = preSolution
		Debug|Any CPU = Debug|Any CPU
		Release|Any CPU = Release|Any CPU
	EndGlobalSection
	GlobalSection(ProjectConfigurationPlatforms) = postSolution
		{EB60CCA8-CB4F-44BE-AC18-40A5CE8BEA71}.Debug|Any CPU.ActiveCfg = Debug|Any CPU
		{EB60CCA8-CB4F-44BE-AC18-40A5CE8BEA71}.Debug|Any CPU.Build.0 = Debug|Any CPU
		{EB60CCA8-CB4F-44BE-AC18-40A5CE8BEA71}.Release|Any CPU.ActiveCfg = Release|Any CPU
		{EB60CCA8-CB4F-44BE-AC18-40A5CE8BEA71}.Release|Any CPU.Build.0 = Release|Any CPU
		{ECF184C3-51B5-4167-8737-46AA33BDCA1E}.Debug|Any CPU.ActiveCfg = Debug|Any CPU
		{ECF184C3-51B5-4167-8737-46AA33BDCA1E}.Debug|Any CPU.Build.0 = Debug|Any CPU
		{ECF184C3-51B5-4167-8737-46AA33BDCA1E}.Release|Any CPU.ActiveCfg = Release|Any CPU
		{ECF184C3-51B5-4167-8737-46AA33BDCA1E}.Release|Any CPU.Build.0 = Release|Any CPU
		{9E4FE7BC-1A3E-4263-B9A0-EA4FE41B3BE8}.Debug|Any CPU.ActiveCfg = Debug|Any CPU
		{9E4FE7BC-1A3E-4263-B9A0-EA4FE41B3BE8}.Debug|Any CPU.Build.0 = Debug|Any CPU
		{9E4FE7BC-1A3E-4263-B9A0-EA4FE41B3BE8}.Release|Any CPU.ActiveCfg = Release|Any CPU
		{9E4FE7BC-1A3E-4263-B9A0-EA4FE41B3BE8}.Release|Any CPU.Build.0 = Release|Any CPU
		{6C13C146-4D2F-44EF-B026-783831BD5CCD}.Debug|Any CPU.ActiveCfg = Debug|Any CPU
		{6C13C146-4D2F-44EF-B026-783831BD5CCD}.Debug|Any CPU.Build.0 = Debug|Any CPU
		{6C13C146-4D2F-44EF-B026-783831BD5CCD}.Release|Any CPU.ActiveCfg = Release|Any CPU
		{6C13C146-4D2F-44EF-B026-783831BD5CCD}.Release|Any CPU.Build.0 = Release|Any CPU
		{34F11851-5D78-4F21-88F7-714B6B6E0DBC}.Debug|Any CPU.ActiveCfg = Debug|Any CPU
		{34F11851-5D78-4F21-88F7-714B6B6E0DBC}.Debug|Any CPU.Build.0 = Debug|Any CPU
		{34F11851-5D78-4F21-88F7-714B6B6E0DBC}.Release|Any CPU.ActiveCfg = Release|Any CPU
		{34F11851-5D78-4F21-88F7-714B6B6E0DBC}.Release|Any CPU.Build.0 = Release|Any CPU
		{A47AA4EB-F4EC-4132-8FFE-66D12A4F1456}.Debug|Any CPU.ActiveCfg = Debug|Any CPU
		{A47AA4EB-F4EC-4132-8FFE-66D12A4F1456}.Debug|Any CPU.Build.0 = Debug|Any CPU
		{A47AA4EB-F4EC-4132-8FFE-66D12A4F1456}.Release|Any CPU.ActiveCfg = Release|Any CPU
		{A47AA4EB-F4EC-4132-8FFE-66D12A4F1456}.Release|Any CPU.Build.0 = Release|Any CPU
		{2ED793FF-DF39-4502-8B37-107C2C20E1D6}.Debug|Any CPU.ActiveCfg = Debug|Any CPU
		{2ED793FF-DF39-4502-8B37-107C2C20E1D6}.Debug|Any CPU.Build.0 = Debug|Any CPU
		{2ED793FF-DF39-4502-8B37-107C2C20E1D6}.Release|Any CPU.ActiveCfg = Release|Any CPU
		{2ED793FF-DF39-4502-8B37-107C2C20E1D6}.Release|Any CPU.Build.0 = Release|Any CPU
		{37750DD3-CA52-4EB8-894C-EB65B6C5D76D}.Debug|Any CPU.ActiveCfg = Debug|Any CPU
		{37750DD3-CA52-4EB8-894C-EB65B6C5D76D}.Debug|Any CPU.Build.0 = Debug|Any CPU
		{37750DD3-CA52-4EB8-894C-EB65B6C5D76D}.Release|Any CPU.ActiveCfg = Release|Any CPU
		{37750DD3-CA52-4EB8-894C-EB65B6C5D76D}.Release|Any CPU.Build.0 = Release|Any CPU
		{95D0A725-9E96-4E5D-A131-194D70768C62}.Debug|Any CPU.ActiveCfg = Debug|Any CPU
		{95D0A725-9E96-4E5D-A131-194D70768C62}.Debug|Any CPU.Build.0 = Debug|Any CPU
		{95D0A725-9E96-4E5D-A131-194D70768C62}.Release|Any CPU.ActiveCfg = Release|Any CPU
		{95D0A725-9E96-4E5D-A131-194D70768C62}.Release|Any CPU.Build.0 = Release|Any CPU
		{6017FA08-7678-4966-AB74-575B0DE556C1}.Debug|Any CPU.ActiveCfg = Debug|Any CPU
		{6017FA08-7678-4966-AB74-575B0DE556C1}.Debug|Any CPU.Build.0 = Debug|Any CPU
		{6017FA08-7678-4966-AB74-575B0DE556C1}.Release|Any CPU.ActiveCfg = Release|Any CPU
		{6017FA08-7678-4966-AB74-575B0DE556C1}.Release|Any CPU.Build.0 = Release|Any CPU
		{F6AD3E02-DCFA-4F67-9C35-E16D4D6969A6}.Debug|Any CPU.ActiveCfg = Debug|Any CPU
		{F6AD3E02-DCFA-4F67-9C35-E16D4D6969A6}.Debug|Any CPU.Build.0 = Debug|Any CPU
		{F6AD3E02-DCFA-4F67-9C35-E16D4D6969A6}.Release|Any CPU.ActiveCfg = Release|Any CPU
		{F6AD3E02-DCFA-4F67-9C35-E16D4D6969A6}.Release|Any CPU.Build.0 = Release|Any CPU
		{45978946-DF4A-439C-878F-6FE0F579D1EF}.Debug|Any CPU.ActiveCfg = Debug|Any CPU
		{45978946-DF4A-439C-878F-6FE0F579D1EF}.Debug|Any CPU.Build.0 = Debug|Any CPU
		{45978946-DF4A-439C-878F-6FE0F579D1EF}.Release|Any CPU.ActiveCfg = Release|Any CPU
		{45978946-DF4A-439C-878F-6FE0F579D1EF}.Release|Any CPU.Build.0 = Release|Any CPU
		{AEB62769-DAE6-4E00-B896-4C20E7935DAF}.Debug|Any CPU.ActiveCfg = Debug|Any CPU
		{AEB62769-DAE6-4E00-B896-4C20E7935DAF}.Debug|Any CPU.Build.0 = Debug|Any CPU
		{AEB62769-DAE6-4E00-B896-4C20E7935DAF}.Release|Any CPU.ActiveCfg = Release|Any CPU
		{AEB62769-DAE6-4E00-B896-4C20E7935DAF}.Release|Any CPU.Build.0 = Release|Any CPU
		{A616A428-F5C1-4400-A674-551DA3148778}.Debug|Any CPU.ActiveCfg = Debug|Any CPU
		{A616A428-F5C1-4400-A674-551DA3148778}.Debug|Any CPU.Build.0 = Debug|Any CPU
		{A616A428-F5C1-4400-A674-551DA3148778}.Release|Any CPU.ActiveCfg = Release|Any CPU
		{A616A428-F5C1-4400-A674-551DA3148778}.Release|Any CPU.Build.0 = Release|Any CPU
		{0C1AD528-213F-4A44-A6FE-60E9243E3467}.Debug|Any CPU.ActiveCfg = Debug|Any CPU
		{0C1AD528-213F-4A44-A6FE-60E9243E3467}.Debug|Any CPU.Build.0 = Debug|Any CPU
		{0C1AD528-213F-4A44-A6FE-60E9243E3467}.Release|Any CPU.ActiveCfg = Release|Any CPU
		{0C1AD528-213F-4A44-A6FE-60E9243E3467}.Release|Any CPU.Build.0 = Release|Any CPU
	EndGlobalSection
	GlobalSection(SolutionProperties) = preSolution
		HideSolutionNode = FALSE
	EndGlobalSection
EndGlobal
